
Microsoft Visual Studio Solution File, Format Version 12.00
# Visual Studio Version 16
VisualStudioVersion = 16.0.28803.202
MinimumVisualStudioVersion = 10.0.40219.1
Project("{FAE04EC0-301F-11D3-BF4B-00C04F79EFBC}") = "ExamenNetCoreApi", "ExamenNetCore\ExamenNetCoreApi.csproj", "{D5EEB155-760C-4E1B-AD4B-211543BA5786}"
EndProject
Global
	GlobalSection(SolutionConfigurationPlatforms) = preSolution
		Debug|Any CPU = Debug|Any CPU
		Release|Any CPU = Release|Any CPU
	EndGlobalSection
	GlobalSection(ProjectConfigurationPlatforms) = postSolution
		{D5EEB155-760C-4E1B-AD4B-211543BA5786}.Debug|Any CPU.ActiveCfg = Debug|Any CPU
		{D5EEB155-760C-4E1B-AD4B-211543BA5786}.Debug|Any CPU.Build.0 = Debug|Any CPU
		{D5EEB155-760C-4E1B-AD4B-211543BA5786}.Release|Any CPU.ActiveCfg = Release|Any CPU
		{D5EEB155-760C-4E1B-AD4B-211543BA5786}.Release|Any CPU.Build.0 = Release|Any CPU
	EndGlobalSection
	GlobalSection(SolutionProperties) = preSolution
		HideSolutionNode = FALSE
	EndGlobalSection
	GlobalSection(ExtensibilityGlobals) = postSolution
		SolutionGuid = {DB110CFC-F20A-43A4-9919-F9CE1B6AABAE}
	EndGlobalSection
EndGlobal
